// !$*UTF8*$!
{
	archiveVersion = 1;
	classes = {
	};
	objectVersion = 56;
	objects = {

/* Begin PBXBuildFile section */
		D953C9D72A0ACCBE004DF116 /* AppDelegate.swift in Sources */ = {isa = PBXBuildFile; fileRef = D953C9D62A0ACCBE004DF116 /* AppDelegate.swift */; };
		D953C9D92A0ACCBE004DF116 /* SceneDelegate.swift in Sources */ = {isa = PBXBuildFile; fileRef = D953C9D82A0ACCBE004DF116 /* SceneDelegate.swift */; };
		D953C9DE2A0ACCBE004DF116 /* Main.storyboard in Resources */ = {isa = PBXBuildFile; fileRef = D953C9DC2A0ACCBE004DF116 /* Main.storyboard */; };
		D953C9E02A0ACCC0004DF116 /* Assets.xcassets in Resources */ = {isa = PBXBuildFile; fileRef = D953C9DF2A0ACCC0004DF116 /* Assets.xcassets */; };
		D953C9E32A0ACCC0004DF116 /* LaunchScreen.storyboard in Resources */ = {isa = PBXBuildFile; fileRef = D953C9E12A0ACCC0004DF116 /* LaunchScreen.storyboard */; };
		D953C9EB2A0ACF70004DF116 /* AddRegistrationTableViewController.swift in Sources */ = {isa = PBXBuildFile; fileRef = D953C9EA2A0ACF70004DF116 /* AddRegistrationTableViewController.swift */; };
		D953C9ED2A0B6776004DF116 /* Registration.swift in Sources */ = {isa = PBXBuildFile; fileRef = D953C9EC2A0B6776004DF116 /* Registration.swift */; };
		D953C9EF2A0B679C004DF116 /* RoomType.swift in Sources */ = {isa = PBXBuildFile; fileRef = D953C9EE2A0B679C004DF116 /* RoomType.swift */; };
		D953C9F12A0B68A4004DF116 /* SelectRoomTypeTableViewController.swift in Sources */ = {isa = PBXBuildFile; fileRef = D953C9F02A0B68A4004DF116 /* SelectRoomTypeTableViewController.swift */; };
		D953C9F52A0B991B004DF116 /* RegistrationTableViewController.swift in Sources */ = {isa = PBXBuildFile; fileRef = D953C9F42A0B991A004DF116 /* RegistrationTableViewController.swift */; };
/* End PBXBuildFile section */

/* Begin PBXFileReference section */
		D953C9D32A0ACCBE004DF116 /* HotelManzana.app */ = {isa = PBXFileReference; explicitFileType = wrapper.application; includeInIndex = 0; path = HotelManzana.app; sourceTree = BUILT_PRODUCTS_DIR; };
		D953C9D62A0ACCBE004DF116 /* AppDelegate.swift */ = {isa = PBXFileReference; lastKnownFileType = sourcecode.swift; path = AppDelegate.swift; sourceTree = "<group>"; };
		D953C9D82A0ACCBE004DF116 /* SceneDelegate.swift */ = {isa = PBXFileReference; lastKnownFileType = sourcecode.swift; path = SceneDelegate.swift; sourceTree = "<group>"; };
		D953C9DD2A0ACCBE004DF116 /* Base */ = {isa = PBXFileReference; lastKnownFileType = file.storyboard; name = Base; path = Base.lproj/Main.storyboard; sourceTree = "<group>"; };
		D953C9DF2A0ACCC0004DF116 /* Assets.xcassets */ = {isa = PBXFileReference; lastKnownFileType = folder.assetcatalog; path = Assets.xcassets; sourceTree = "<group>"; };
		D953C9E22A0ACCC0004DF116 /* Base */ = {isa = PBXFileReference; lastKnownFileType = file.storyboard; name = Base; path = Base.lproj/LaunchScreen.storyboard; sourceTree = "<group>"; };
		D953C9E42A0ACCC0004DF116 /* Info.plist */ = {isa = PBXFileReference; lastKnownFileType = text.plist.xml; path = Info.plist; sourceTree = "<group>"; };
		D953C9EA2A0ACF70004DF116 /* AddRegistrationTableViewController.swift */ = {isa = PBXFileReference; lastKnownFileType = sourcecode.swift; path = AddRegistrationTableViewController.swift; sourceTree = "<group>"; };
		D953C9EC2A0B6776004DF116 /* Registration.swift */ = {isa = PBXFileReference; lastKnownFileType = sourcecode.swift; path = Registration.swift; sourceTree = "<group>"; };
		D953C9EE2A0B679C004DF116 /* RoomType.swift */ = {isa = PBXFileReference; lastKnownFileType = sourcecode.swift; path = RoomType.swift; sourceTree = "<group>"; };
		D953C9F02A0B68A4004DF116 /* SelectRoomTypeTableViewController.swift */ = {isa = PBXFileReference; lastKnownFileType = sourcecode.swift; path = SelectRoomTypeTableViewController.swift; sourceTree = "<group>"; };
		D953C9F42A0B991A004DF116 /* RegistrationTableViewController.swift */ = {isa = PBXFileReference; lastKnownFileType = sourcecode.swift; path = RegistrationTableViewController.swift; sourceTree = "<group>"; };
/* End PBXFileReference section */

/* Begin PBXFrameworksBuildPhase section */
		D953C9D02A0ACCBE004DF116 /* Frameworks */ = {
			isa = PBXFrameworksBuildPhase;
			buildActionMask = 2147483647;
			files = (
			);
			runOnlyForDeploymentPostprocessing = 0;
		};
/* End PBXFrameworksBuildPhase section */

/* Begin PBXGroup section */
		D953C9CA2A0ACCBE004DF116 = {
			isa = PBXGroup;
			children = (
				D953C9D52A0ACCBE004DF116 /* HotelManzana */,
				D953C9D42A0ACCBE004DF116 /* Products */,
			);
			sourceTree = "<group>";
		};
		D953C9D42A0ACCBE004DF116 /* Products */ = {
			isa = PBXGroup;
			children = (
				D953C9D32A0ACCBE004DF116 /* HotelManzana.app */,
			);
			name = Products;
			sourceTree = "<group>";
		};
		D953C9D52A0ACCBE004DF116 /* HotelManzana */ = {
			isa = PBXGroup;
			children = (
				D953C9D62A0ACCBE004DF116 /* AppDelegate.swift */,
				D953C9D82A0ACCBE004DF116 /* SceneDelegate.swift */,
				D953C9EA2A0ACF70004DF116 /* AddRegistrationTableViewController.swift */,
				D953C9F02A0B68A4004DF116 /* SelectRoomTypeTableViewController.swift */,
				D953C9F42A0B991A004DF116 /* RegistrationTableViewController.swift */,
				D953C9EC2A0B6776004DF116 /* Registration.swift */,
				D953C9EE2A0B679C004DF116 /* RoomType.swift */,
				D953C9DC2A0ACCBE004DF116 /* Main.storyboard */,
				D953C9DF2A0ACCC0004DF116 /* Assets.xcassets */,
				D953C9E12A0ACCC0004DF116 /* LaunchScreen.storyboard */,
				D953C9E42A0ACCC0004DF116 /* Info.plist */,
			);
			path = HotelManzana;
			sourceTree = "<group>";
		};
/* End PBXGroup section */

/* Begin PBXNativeTarget section */
		D953C9D22A0ACCBE004DF116 /* HotelManzana */ = {
			isa = PBXNativeTarget;
			buildConfigurationList = D953C9E72A0ACCC0004DF116 /* Build configuration list for PBXNativeTarget "HotelManzana" */;
			buildPhases = (
				D953C9CF2A0ACCBE004DF116 /* Sources */,
				D953C9D02A0ACCBE004DF116 /* Frameworks */,
				D953C9D12A0ACCBE004DF116 /* Resources */,
			);
			buildRules = (
			);
			dependencies = (
			);
			name = HotelManzana;
			productName = HotelManzana;
			productReference = D953C9D32A0ACCBE004DF116 /* HotelManzana.app */;
			productType = "com.apple.product-type.application";
		};
/* End PBXNativeTarget section */

/* Begin PBXProject section */
		D953C9CB2A0ACCBE004DF116 /* Project object */ = {
			isa = PBXProject;
			attributes = {
				BuildIndependentTargetsInParallel = 1;
				LastSwiftUpdateCheck = 1430;
				LastUpgradeCheck = 1430;
				TargetAttributes = {
					D953C9D22A0ACCBE004DF116 = {
						CreatedOnToolsVersion = 14.3;
					};
				};
			};
			buildConfigurationList = D953C9CE2A0ACCBE004DF116 /* Build configuration list for PBXProject "HotelManzana" */;
			compatibilityVersion = "Xcode 14.0";
			developmentRegion = en;
			hasScannedForEncodings = 0;
			knownRegions = (
				en,
				Base,
			);
			mainGroup = D953C9CA2A0ACCBE004DF116;
			productRefGroup = D953C9D42A0ACCBE004DF116 /* Products */;
			projectDirPath = "";
			projectRoot = "";
			targets = (
				D953C9D22A0ACCBE004DF116 /* HotelManzana */,
			);
		};
/* End PBXProject section */

/* Begin PBXResourcesBuildPhase section */
		D953C9D12A0ACCBE004DF116 /* Resources */ = {
			isa = PBXResourcesBuildPhase;
			buildActionMask = 2147483647;
			files = (
				D953C9E32A0ACCC0004DF116 /* LaunchScreen.storyboard in Resources */,
				D953C9E02A0ACCC0004DF116 /* Assets.xcassets in Resources */,
				D953C9DE2A0ACCBE004DF116 /* Main.storyboard in Resources */,
			);
			runOnlyForDeploymentPostprocessing = 0;
		};
/* End PBXResourcesBuildPhase section */

/* Begin PBXSourcesBuildPhase section */
		D953C9CF2A0ACCBE004DF116 /* Sources */ = {
			isa = PBXSourcesBuildPhase;
			buildActionMask = 2147483647;
			files = (
				D953C9F12A0B68A4004DF116 /* SelectRoomTypeTableViewController.swift in Sources */,
				D953C9ED2A0B6776004DF116 /* Registration.swift in Sources */,
				D953C9D72A0ACCBE004DF116 /* AppDelegate.swift in Sources */,
				D953C9EF2A0B679C004DF116 /* RoomType.swift in Sources */,
				D953C9EB2A0ACF70004DF116 /* AddRegistrationTableViewController.swift in Sources */,
				D953C9D92A0ACCBE004DF116 /* SceneDelegate.swift in Sources */,
				D953C9F52A0B991B004DF116 /* RegistrationTableViewController.swift in Sources */,
			);
			runOnlyForDeploymentPostprocessing = 0;
		};
/* End PBXSourcesBuildPhase section */

/* Begin PBXVariantGroup section */
		D953C9DC2A0ACCBE004DF116 /* Main.storyboard */ = {
			isa = PBXVariantGroup;
			children = (
				D953C9DD2A0ACCBE004DF116 /* Base */,
			);
			name = Main.storyboard;
			sourceTree = "<group>";
		};
		D953C9E12A0ACCC0004DF116 /* LaunchScreen.storyboard */ = {
			isa = PBXVariantGroup;
			children = (
				D953C9E22A0ACCC0004DF116 /* Base */,
			);
			name = LaunchScreen.storyboard;
			sourceTree = "<group>";
		};
/* End PBXVariantGroup section */

/* Begin XCBuildConfiguration section */
		D953C9E52A0ACCC0004DF116 /* Debug */ = {
			isa = XCBuildConfiguration;
			buildSettings = {
				ALWAYS_SEARCH_USER_PATHS = NO;
				CLANG_ANALYZER_NONNULL = YES;
				CLANG_ANALYZER_NUMBER_OBJECT_CONVERSION = YES_AGGRESSIVE;
				CLANG_CXX_LANGUAGE_STANDARD = "gnu++20";
				CLANG_ENABLE_MODULES = YES;
				CLANG_ENABLE_OBJC_ARC = YES;
				CLANG_ENABLE_OBJC_WEAK = YES;
				CLANG_WARN_BLOCK_CAPTURE_AUTORELEASING = YES;
				CLANG_WARN_BOOL_CONVERSION = YES;
				CLANG_WARN_COMMA = YES;
				CLANG_WARN_CONSTANT_CONVERSION = YES;
				CLANG_WARN_DEPRECATED_OBJC_IMPLEMENTATIONS = YES;
				CLANG_WARN_DIRECT_OBJC_ISA_USAGE = YES_ERROR;
				CLANG_WARN_DOCUMENTATION_COMMENTS = YES;
				CLANG_WARN_EMPTY_BODY = YES;
				CLANG_WARN_ENUM_CONVERSION = YES;
				CLANG_WARN_INFINITE_RECURSION = YES;
				CLANG_WARN_INT_CONVERSION = YES;
				CLANG_WARN_NON_LITERAL_NULL_CONVERSION = YES;
				CLANG_WARN_OBJC_IMPLICIT_RETAIN_SELF = YES;
				CLANG_WARN_OBJC_LITERAL_CONVERSION = YES;
				CLANG_WARN_OBJC_ROOT_CLASS = YES_ERROR;
				CLANG_WARN_QUOTED_INCLUDE_IN_FRAMEWORK_HEADER = YES;
				CLANG_WARN_RANGE_LOOP_ANALYSIS = YES;
				CLANG_WARN_STRICT_PROTOTYPES = YES;
				CLANG_WARN_SUSPICIOUS_MOVE = YES;
				CLANG_WARN_UNGUARDED_AVAILABILITY = YES_AGGRESSIVE;
				CLANG_WARN_UNREACHABLE_CODE = YES;
				CLANG_WARN__DUPLICATE_METHOD_MATCH = YES;
				COPY_PHASE_STRIP = NO;
				DEBUG_INFORMATION_FORMAT = dwarf;
				ENABLE_STRICT_OBJC_MSGSEND = YES;
				ENABLE_TESTABILITY = YES;
				GCC_C_LANGUAGE_STANDARD = gnu11;
				GCC_DYNAMIC_NO_PIC = NO;
				GCC_NO_COMMON_BLOCKS = YES;
				GCC_OPTIMIZATION_LEVEL = 0;
				GCC_PREPROCESSOR_DEFINITIONS = (
					"DEBUG=1",
					"$(inherited)",
				);
				GCC_WARN_64_TO_32_BIT_CONVERSION = YES;
				GCC_WARN_ABOUT_RETURN_TYPE = YES_ERROR;
				GCC_WARN_UNDECLARED_SELECTOR = YES;
				GCC_WARN_UNINITIALIZED_AUTOS = YES_AGGRESSIVE;
				GCC_WARN_UNUSED_FUNCTION = YES;
				GCC_WARN_UNUSED_VARIABLE = YES;
				IPHONEOS_DEPLOYMENT_TARGET = 16.4;
				MTL_ENABLE_DEBUG_INFO = INCLUDE_SOURCE;
				MTL_FAST_MATH = YES;
				ONLY_ACTIVE_ARCH = YES;
				SDKROOT = iphoneos;
				SWIFT_ACTIVE_COMPILATION_CONDITIONS = DEBUG;
				SWIFT_OPTIMIZATION_LEVEL = "-Onone";
			};
			name = Debug;
		};
		D953C9E62A0ACCC0004DF116 /* Release */ = {
			isa = XCBuildConfiguration;
			buildSettings = {
				ALWAYS_SEARCH_USER_PATHS = NO;
				CLANG_ANALYZER_NONNULL = YES;
				CLANG_ANALYZER_NUMBER_OBJECT_CONVERSION = YES_AGGRESSIVE;
				CLANG_CXX_LANGUAGE_STANDARD = "gnu++20";
				CLANG_ENABLE_MODULES = YES;
				CLANG_ENABLE_OBJC_ARC = YES;
				CLANG_ENABLE_OBJC_WEAK = YES;
				CLANG_WARN_BLOCK_CAPTURE_AUTORELEASING = YES;
				CLANG_WARN_BOOL_CONVERSION = YES;
				CLANG_WARN_COMMA = YES;
				CLANG_WARN_CONSTANT_CONVERSION = YES;
				CLANG_WARN_DEPRECATED_OBJC_IMPLEMENTATIONS = YES;
				CLANG_WARN_DIRECT_OBJC_ISA_USAGE = YES_ERROR;
				CLANG_WARN_DOCUMENTATION_COMMENTS = YES;
				CLANG_WARN_EMPTY_BODY = YES;
				CLANG_WARN_ENUM_CONVERSION = YES;
				CLANG_WARN_INFINITE_RECURSION = YES;
				CLANG_WARN_INT_CONVERSION = YES;
				CLANG_WARN_NON_LITERAL_NULL_CONVERSION = YES;
				CLANG_WARN_OBJC_IMPLICIT_RETAIN_SELF = YES;
				CLANG_WARN_OBJC_LITERAL_CONVERSION = YES;
				CLANG_WARN_OBJC_ROOT_CLASS = YES_ERROR;
				CLANG_WARN_QUOTED_INCLUDE_IN_FRAMEWORK_HEADER = YES;
				CLANG_WARN_RANGE_LOOP_ANALYSIS = YES;
				CLANG_WARN_STRICT_PROTOTYPES = YES;
				CLANG_WARN_SUSPICIOUS_MOVE = YES;
				CLANG_WARN_UNGUARDED_AVAILABILITY = YES_AGGRESSIVE;
				CLANG_WARN_UNREACHABLE_CODE = YES;
				CLANG_WARN__DUPLICATE_METHOD_MATCH = YES;
				COPY_PHASE_STRIP = NO;
				DEBUG_INFORMATION_FORMAT = "dwarf-with-dsym";
				ENABLE_NS_ASSERTIONS = NO;
				ENABLE_STRICT_OBJC_MSGSEND = YES;
				GCC_C_LANGUAGE_STANDARD = gnu11;
				GCC_NO_COMMON_BLOCKS = YES;
				GCC_WARN_64_TO_32_BIT_CONVERSION = YES;
				GCC_WARN_ABOUT_RETURN_TYPE = YES_ERROR;
				GCC_WARN_UNDECLARED_SELECTOR = YES;
				GCC_WARN_UNINITIALIZED_AUTOS = YES_AGGRESSIVE;
				GCC_WARN_UNUSED_FUNCTION = YES;
				GCC_WARN_UNUSED_VARIABLE = YES;
				IPHONEOS_DEPLOYMENT_TARGET = 16.4;
				MTL_ENABLE_DEBUG_INFO = NO;
				MTL_FAST_MATH = YES;
				SDKROOT = iphoneos;
				SWIFT_COMPILATION_MODE = wholemodule;
				SWIFT_OPTIMIZATION_LEVEL = "-O";
				VALIDATE_PRODUCT = YES;
			};
			name = Release;
		};
		D953C9E82A0ACCC0004DF116 /* Debug */ = {
			isa = XCBuildConfiguration;
			buildSettings = {
				ASSETCATALOG_COMPILER_APPICON_NAME = AppIcon;
				ASSETCATALOG_COMPILER_GLOBAL_ACCENT_COLOR_NAME = AccentColor;
				CODE_SIGN_STYLE = Automatic;
				CURRENT_PROJECT_VERSION = 1;
				DEVELOPMENT_TEAM = KMRDP9Z3DS;
				GENERATE_INFOPLIST_FILE = YES;
				INFOPLIST_FILE = HotelManzana/Info.plist;
				INFOPLIST_KEY_UIApplicationSupportsIndirectInputEvents = YES;
				INFOPLIST_KEY_UILaunchStoryboardName = LaunchScreen;
				INFOPLIST_KEY_UIMainStoryboardFile = Main;
				INFOPLIST_KEY_UISupportedInterfaceOrientations_iPad = "UIInterfaceOrientationPortrait UIInterfaceOrientationPortraitUpsideDown UIInterfaceOrientationLandscapeLeft UIInterfaceOrientationLandscapeRight";
				INFOPLIST_KEY_UISupportedInterfaceOrientations_iPhone = "UIInterfaceOrientationPortrait UIInterfaceOrientationLandscapeLeft UIInterfaceOrientationLandscapeRight";
				LD_RUNPATH_SEARCH_PATHS = (
					"$(inherited)",
					"@executable_path/Frameworks",
				);
				MARKETING_VERSION = 1.0;
				PRODUCT_BUNDLE_IDENTIFIER = com.dm.HotelManzana;
				PRODUCT_NAME = "$(TARGET_NAME)";
				SWIFT_EMIT_LOC_STRINGS = YES;
				SWIFT_VERSION = 5.0;
				TARGETED_DEVICE_FAMILY = "1,2";
			};
			name = Debug;
		};
		D953C9E92A0ACCC0004DF116 /* Release */ = {
			isa = XCBuildConfiguration;
			buildSettings = {
				ASSETCATALOG_COMPILER_APPICON_NAME = AppIcon;
				ASSETCATALOG_COMPILER_GLOBAL_ACCENT_COLOR_NAME = AccentColor;
				CODE_SIGN_STYLE = Automatic;
				CURRENT_PROJECT_VERSION = 1;
				DEVELOPMENT_TEAM = KMRDP9Z3DS;
				GENERATE_INFOPLIST_FILE = YES;
				INFOPLIST_FILE = HotelManzana/Info.plist;
				INFOPLIST_KEY_UIApplicationSupportsIndirectInputEvents = YES;
				INFOPLIST_KEY_UILaunchStoryboardName = LaunchScreen;
				INFOPLIST_KEY_UIMainStoryboardFile = Main;
				INFOPLIST_KEY_UISupportedInterfaceOrientations_iPad = "UIInterfaceOrientationPortrait UIInterfaceOrientationPortraitUpsideDown UIInterfaceOrientationLandscapeLeft UIInterfaceOrientationLandscapeRight";
				INFOPLIST_KEY_UISupportedInterfaceOrientations_iPhone = "UIInterfaceOrientationPortrait UIInterfaceOrientationLandscapeLeft UIInterfaceOrientationLandscapeRight";
				LD_RUNPATH_SEARCH_PATHS = (
					"$(inherited)",
					"@executable_path/Frameworks",
				);
				MARKETING_VERSION = 1.0;
				PRODUCT_BUNDLE_IDENTIFIER = com.dm.HotelManzana;
				PRODUCT_NAME = "$(TARGET_NAME)";
				SWIFT_EMIT_LOC_STRINGS = YES;
				SWIFT_VERSION = 5.0;
				TARGETED_DEVICE_FAMILY = "1,2";
			};
			name = Release;
		};
/* End XCBuildConfiguration section */

/* Begin XCConfigurationList section */
		D953C9CE2A0ACCBE004DF116 /* Build configuration list for PBXProject "HotelManzana" */ = {
			isa = XCConfigurationList;
			buildConfigurations = (
				D953C9E52A0ACCC0004DF116 /* Debug */,
				D953C9E62A0ACCC0004DF116 /* Release */,
			);
			defaultConfigurationIsVisible = 0;
			defaultConfigurationName = Release;
		};
		D953C9E72A0ACCC0004DF116 /* Build configuration list for PBXNativeTarget "HotelManzana" */ = {
			isa = XCConfigurationList;
			buildConfigurations = (
				D953C9E82A0ACCC0004DF116 /* Debug */,
				D953C9E92A0ACCC0004DF116 /* Release */,
			);
			defaultConfigurationIsVisible = 0;
			defaultConfigurationName = Release;
		};
/* End XCConfigurationList section */
	};
	rootObject = D953C9CB2A0ACCBE004DF116 /* Project object */;
}
